{
  "name": "traceflow-debugger",
  "version": "0.1.2",
  "lockfileVersion": 3,
  "requires": true,
  "packages": {
    "": {
      "name": "traceflow-debugger",
      "version": "0.1.2",
      "license": "MIT",
      "bin": {
        "traceflow-debugger": "src/server.mjs",
        "traceflow": "src/server.mjs",
        "traceflow-mcp": "src/mcp/server.mjs"
      },
      "engines": {
        "node": ">=22"
      }
    }
  }
}
